// !$*UTF8*$!
{
	archiveVersion = 1;
	classes = {
	};
	objectVersion = 50;
	objects = {

/* Begin PBXBuildFile section */
		DC344D8E2719381D00AD5E23 /* Unsplash.txt in Resources */ = {isa = PBXBuildFile; fileRef = DC344D8D2719381D00AD5E23 /* Unsplash.txt */; };
		DC4EDB19271409C100AA346A /* StateData.swift in Sources */ = {isa = PBXBuildFile; fileRef = DC4EDB18271409C100AA346A /* StateData.swift */; };
		DC4EDB1B27140A8C00AA346A /* NetworkManager.swift in Sources */ = {isa = PBXBuildFile; fileRef = DC4EDB1A27140A8C00AA346A /* NetworkManager.swift */; };
		DC72E5B527191E7B00CF259B /* StateView.swift in Sources */ = {isa = PBXBuildFile; fileRef = DC72E5B427191E7B00CF259B /* StateView.swift */; };
		DCB006052712807B003CE01D /* CovidCountsAppApp.swift in Sources */ = {isa = PBXBuildFile; fileRef = DCB006042712807B003CE01D /* CovidCountsAppApp.swift */; };
		DCB006072712807B003CE01D /* ContentView.swift in Sources */ = {isa = PBXBuildFile; fileRef = DCB006062712807B003CE01D /* ContentView.swift */; };
		DCB006092712807E003CE01D /* Assets.xcassets in Resources */ = {isa = PBXBuildFile; fileRef = DCB006082712807E003CE01D /* Assets.xcassets */; };
		DCB0060C2712807E003CE01D /* Preview Assets.xcassets in Resources */ = {isa = PBXBuildFile; fileRef = DCB0060B2712807E003CE01D /* Preview Assets.xcassets */; };
/* End PBXBuildFile section */

/* Begin PBXFileReference section */
		DC344D8D2719381D00AD5E23 /* Unsplash.txt */ = {isa = PBXFileReference; lastKnownFileType = text; path = Unsplash.txt; sourceTree = "<group>"; };
		DC4EDB18271409C100AA346A /* StateData.swift */ = {isa = PBXFileReference; lastKnownFileType = sourcecode.swift; path = StateData.swift; sourceTree = "<group>"; };
		DC4EDB1A27140A8C00AA346A /* NetworkManager.swift */ = {isa = PBXFileReference; lastKnownFileType = sourcecode.swift; path = NetworkManager.swift; sourceTree = "<group>"; };
		DC72E5B427191E7B00CF259B /* StateView.swift */ = {isa = PBXFileReference; lastKnownFileType = sourcecode.swift; path = StateView.swift; sourceTree = "<group>"; };
		DCB006012712807B003CE01D /* CovidCountsApp.app */ = {isa = PBXFileReference; explicitFileType = wrapper.application; includeInIndex = 0; path = CovidCountsApp.app; sourceTree = BUILT_PRODUCTS_DIR; };
		DCB006042712807B003CE01D /* CovidCountsAppApp.swift */ = {isa = PBXFileReference; lastKnownFileType = sourcecode.swift; path = CovidCountsAppApp.swift; sourceTree = "<group>"; };
		DCB006062712807B003CE01D /* ContentView.swift */ = {isa = PBXFileReference; lastKnownFileType = sourcecode.swift; path = ContentView.swift; sourceTree = "<group>"; };
		DCB006082712807E003CE01D /* Assets.xcassets */ = {isa = PBXFileReference; lastKnownFileType = folder.assetcatalog; path = Assets.xcassets; sourceTree = "<group>"; };
		DCB0060B2712807E003CE01D /* Preview Assets.xcassets */ = {isa = PBXFileReference; lastKnownFileType = folder.assetcatalog; path = "Preview Assets.xcassets"; sourceTree = "<group>"; };
		DCB0060D2712807E003CE01D /* Info.plist */ = {isa = PBXFileReference; lastKnownFileType = text.plist.xml; path = Info.plist; sourceTree = "<group>"; };
/* End PBXFileReference section */

/* Begin PBXFrameworksBuildPhase section */
		DCB005FE2712807B003CE01D /* Frameworks */ = {
			isa = PBXFrameworksBuildPhase;
			buildActionMask = 2147483647;
			files = (
			);
			runOnlyForDeploymentPostprocessing = 0;
		};
/* End PBXFrameworksBuildPhase section */

/* Begin PBXGroup section */
		DCB005F82712807B003CE01D = {
			isa = PBXGroup;
			children = (
				DCB006032712807B003CE01D /* CovidCountsApp */,
				DCB006022712807B003CE01D /* Products */,
			);
			sourceTree = "<group>";
		};
		DCB006022712807B003CE01D /* Products */ = {
			isa = PBXGroup;
			children = (
				DCB006012712807B003CE01D /* CovidCountsApp.app */,
			);
			name = Products;
			sourceTree = "<group>";
		};
		DCB006032712807B003CE01D /* CovidCountsApp */ = {
			isa = PBXGroup;
			children = (
				DC344D8D2719381D00AD5E23 /* Unsplash.txt */,
				DCB00614271284F8003CE01D /* Views */,
				DCB00613271284F0003CE01D /* Models */,
				DCB006042712807B003CE01D /* CovidCountsAppApp.swift */,
				DCB006082712807E003CE01D /* Assets.xcassets */,
				DCB0060D2712807E003CE01D /* Info.plist */,
				DCB0060A2712807E003CE01D /* Preview Content */,
			);
			path = CovidCountsApp;
			sourceTree = "<group>";
		};
		DCB0060A2712807E003CE01D /* Preview Content */ = {
			isa = PBXGroup;
			children = (
				DCB0060B2712807E003CE01D /* Preview Assets.xcassets */,
			);
			path = "Preview Content";
			sourceTree = "<group>";
		};
		DCB00613271284F0003CE01D /* Models */ = {
			isa = PBXGroup;
			children = (
				DC4EDB18271409C100AA346A /* StateData.swift */,
				DC4EDB1A27140A8C00AA346A /* NetworkManager.swift */,
			);
			path = Models;
			sourceTree = "<group>";
		};
		DCB00614271284F8003CE01D /* Views */ = {
			isa = PBXGroup;
			children = (
				DCB006062712807B003CE01D /* ContentView.swift */,
				DC72E5B427191E7B00CF259B /* StateView.swift */,
			);
			path = Views;
			sourceTree = "<group>";
		};
/* End PBXGroup section */

/* Begin PBXNativeTarget section */
		DCB006002712807B003CE01D /* CovidCountsApp */ = {
			isa = PBXNativeTarget;
			buildConfigurationList = DCB006102712807E003CE01D /* Build configuration list for PBXNativeTarget "CovidCountsApp" */;
			buildPhases = (
				DCB005FD2712807B003CE01D /* Sources */,
				DCB005FE2712807B003CE01D /* Frameworks */,
				DCB005FF2712807B003CE01D /* Resources */,
			);
			buildRules = (
			);
			dependencies = (
			);
			name = CovidCountsApp;
			productName = CovidCountsApp;
			productReference = DCB006012712807B003CE01D /* CovidCountsApp.app */;
			productType = "com.apple.product-type.application";
		};
/* End PBXNativeTarget section */

/* Begin PBXProject section */
		DCB005F92712807B003CE01D /* Project object */ = {
			isa = PBXProject;
			attributes = {
				LastSwiftUpdateCheck = 1250;
				LastUpgradeCheck = 1250;
				TargetAttributes = {
					DCB006002712807B003CE01D = {
						CreatedOnToolsVersion = 12.5.1;
					};
				};
			};
			buildConfigurationList = DCB005FC2712807B003CE01D /* Build configuration list for PBXProject "CovidCountsApp" */;
			compatibilityVersion = "Xcode 9.3";
			developmentRegion = en;
			hasScannedForEncodings = 0;
			knownRegions = (
				en,
				Base,
			);
			mainGroup = DCB005F82712807B003CE01D;
			productRefGroup = DCB006022712807B003CE01D /* Products */;
			projectDirPath = "";
			projectRoot = "";
			targets = (
				DCB006002712807B003CE01D /* CovidCountsApp */,
			);
		};
/* End PBXProject section */

/* Begin PBXResourcesBuildPhase section */
		DCB005FF2712807B003CE01D /* Resources */ = {
			isa = PBXResourcesBuildPhase;
			buildActionMask = 2147483647;
			files = (
				DCB0060C2712807E003CE01D /* Preview Assets.xcassets in Resources */,
				DC344D8E2719381D00AD5E23 /* Unsplash.txt in Resources */,
				DCB006092712807E003CE01D /* Assets.xcassets in Resources */,
			);
			runOnlyForDeploymentPostprocessing = 0;
		};
/* End PBXResourcesBuildPhase section */

/* Begin PBXSourcesBuildPhase section */
		DCB005FD2712807B003CE01D /* Sources */ = {
			isa = PBXSourcesBuildPhase;
			buildActionMask = 2147483647;
			files = (
				DC4EDB1B27140A8C00AA346A /* NetworkManager.swift in Sources */,
				DCB006072712807B003CE01D /* ContentView.swift in Sources */,
				DC72E5B527191E7B00CF259B /* StateView.swift in Sources */,
				DCB006052712807B003CE01D /* CovidCountsAppApp.swift in Sources */,
				DC4EDB19271409C100AA346A /* StateData.swift in Sources */,
			);
			runOnlyForDeploymentPostprocessing = 0;
		};
/* End PBXSourcesBuildPhase section */

/* Begin XCBuildConfiguration section */
		DCB0060E2712807E003CE01D /* Debug */ = {
			isa = XCBuildConfiguration;
			buildSettings = {
				ALWAYS_SEARCH_USER_PATHS = NO;
				CLANG_ANALYZER_NONNULL = YES;
				CLANG_ANALYZER_NUMBER_OBJECT_CONVERSION = YES_AGGRESSIVE;
				CLANG_CXX_LANGUAGE_STANDARD = "gnu++14";
				CLANG_CXX_LIBRARY = "libc++";
				CLANG_ENABLE_MODULES = YES;
				CLANG_ENABLE_OBJC_ARC = YES;
				CLANG_ENABLE_OBJC_WEAK = YES;
				CLANG_WARN_BLOCK_CAPTURE_AUTORELEASING = YES;
				CLANG_WARN_BOOL_CONVERSION = YES;
				CLANG_WARN_COMMA = YES;
				CLANG_WARN_CONSTANT_CONVERSION = YES;
				CLANG_WARN_DEPRECATED_OBJC_IMPLEMENTATIONS = YES;
				CLANG_WARN_DIRECT_OBJC_ISA_USAGE = YES_ERROR;
				CLANG_WARN_DOCUMENTATION_COMMENTS = YES;
				CLANG_WARN_EMPTY_BODY = YES;
				CLANG_WARN_ENUM_CONVERSION = YES;
				CLANG_WARN_INFINITE_RECURSION = YES;
				CLANG_WARN_INT_CONVERSION = YES;
				CLANG_WARN_NON_LITERAL_NULL_CONVERSION = YES;
				CLANG_WARN_OBJC_IMPLICIT_RETAIN_SELF = YES;
				CLANG_WARN_OBJC_LITERAL_CONVERSION = YES;
				CLANG_WARN_OBJC_ROOT_CLASS = YES_ERROR;
				CLANG_WARN_QUOTED_INCLUDE_IN_FRAMEWORK_HEADER = YES;
				CLANG_WARN_RANGE_LOOP_ANALYSIS = YES;
				CLANG_WARN_STRICT_PROTOTYPES = YES;
				CLANG_WARN_SUSPICIOUS_MOVE = YES;
				CLANG_WARN_UNGUARDED_AVAILABILITY = YES_AGGRESSIVE;
				CLANG_WARN_UNREACHABLE_CODE = YES;
				CLANG_WARN__DUPLICATE_METHOD_MATCH = YES;
				COPY_PHASE_STRIP = NO;
				DEBUG_INFORMATION_FORMAT = dwarf;
				ENABLE_STRICT_OBJC_MSGSEND = YES;
				ENABLE_TESTABILITY = YES;
				GCC_C_LANGUAGE_STANDARD = gnu11;
				GCC_DYNAMIC_NO_PIC = NO;
				GCC_NO_COMMON_BLOCKS = YES;
				GCC_OPTIMIZATION_LEVEL = 0;
				GCC_PREPROCESSOR_DEFINITIONS = (
					"DEBUG=1",
					"$(inherited)",
				);
				GCC_WARN_64_TO_32_BIT_CONVERSION = YES;
				GCC_WARN_ABOUT_RETURN_TYPE = YES_ERROR;
				GCC_WARN_UNDECLARED_SELECTOR = YES;
				GCC_WARN_UNINITIALIZED_AUTOS = YES_AGGRESSIVE;
				GCC_WARN_UNUSED_FUNCTION = YES;
				GCC_WARN_UNUSED_VARIABLE = YES;
				IPHONEOS_DEPLOYMENT_TARGET = 14.5;
				MTL_ENABLE_DEBUG_INFO = INCLUDE_SOURCE;
				MTL_FAST_MATH = YES;
				ONLY_ACTIVE_ARCH = YES;
				SDKROOT = iphoneos;
				SWIFT_ACTIVE_COMPILATION_CONDITIONS = DEBUG;
				SWIFT_OPTIMIZATION_LEVEL = "-Onone";
			};
			name = Debug;
		};
		DCB0060F2712807E003CE01D /* Release */ = {
			isa = XCBuildConfiguration;
			buildSettings = {
				ALWAYS_SEARCH_USER_PATHS = NO;
				CLANG_ANALYZER_NONNULL = YES;
				CLANG_ANALYZER_NUMBER_OBJECT_CONVERSION = YES_AGGRESSIVE;
				CLANG_CXX_LANGUAGE_STANDARD = "gnu++14";
				CLANG_CXX_LIBRARY = "libc++";
				CLANG_ENABLE_MODULES = YES;
				CLANG_ENABLE_OBJC_ARC = YES;
				CLANG_ENABLE_OBJC_WEAK = YES;
				CLANG_WARN_BLOCK_CAPTURE_AUTORELEASING = YES;
				CLANG_WARN_BOOL_CONVERSION = YES;
				CLANG_WARN_COMMA = YES;
				CLANG_WARN_CONSTANT_CONVERSION = YES;
				CLANG_WARN_DEPRECATED_OBJC_IMPLEMENTATIONS = YES;
				CLANG_WARN_DIRECT_OBJC_ISA_USAGE = YES_ERROR;
				CLANG_WARN_DOCUMENTATION_COMMENTS = YES;
				CLANG_WARN_EMPTY_BODY = YES;
				CLANG_WARN_ENUM_CONVERSION = YES;
				CLANG_WARN_INFINITE_RECURSION = YES;
				CLANG_WARN_INT_CONVERSION = YES;
				CLANG_WARN_NON_LITERAL_NULL_CONVERSION = YES;
				CLANG_WARN_OBJC_IMPLICIT_RETAIN_SELF = YES;
				CLANG_WARN_OBJC_LITERAL_CONVERSION = YES;
				CLANG_WARN_OBJC_ROOT_CLASS = YES_ERROR;
				CLANG_WARN_QUOTED_INCLUDE_IN_FRAMEWORK_HEADER = YES;
				CLANG_WARN_RANGE_LOOP_ANALYSIS = YES;
				CLANG_WARN_STRICT_PROTOTYPES = YES;
				CLANG_WARN_SUSPICIOUS_MOVE = YES;
				CLANG_WARN_UNGUARDED_AVAILABILITY = YES_AGGRESSIVE;
				CLANG_WARN_UNREACHABLE_CODE = YES;
				CLANG_WARN__DUPLICATE_METHOD_MATCH = YES;
				COPY_PHASE_STRIP = NO;
				DEBUG_INFORMATION_FORMAT = "dwarf-with-dsym";
				ENABLE_NS_ASSERTIONS = NO;
				ENABLE_STRICT_OBJC_MSGSEND = YES;
				GCC_C_LANGUAGE_STANDARD = gnu11;
				GCC_NO_COMMON_BLOCKS = YES;
				GCC_WARN_64_TO_32_BIT_CONVERSION = YES;
				GCC_WARN_ABOUT_RETURN_TYPE = YES_ERROR;
				GCC_WARN_UNDECLARED_SELECTOR = YES;
				GCC_WARN_UNINITIALIZED_AUTOS = YES_AGGRESSIVE;
				GCC_WARN_UNUSED_FUNCTION = YES;
				GCC_WARN_UNUSED_VARIABLE = YES;
				IPHONEOS_DEPLOYMENT_TARGET = 14.5;
				MTL_ENABLE_DEBUG_INFO = NO;
				MTL_FAST_MATH = YES;
				SDKROOT = iphoneos;
				SWIFT_COMPILATION_MODE = wholemodule;
				SWIFT_OPTIMIZATION_LEVEL = "-O";
				VALIDATE_PRODUCT = YES;
			};
			name = Release;
		};
		DCB006112712807E003CE01D /* Debug */ = {
			isa = XCBuildConfiguration;
			buildSettings = {
				ASSETCATALOG_COMPILER_APPICON_NAME = AppIcon;
				ASSETCATALOG_COMPILER_GLOBAL_ACCENT_COLOR_NAME = AccentColor;
				CODE_SIGN_IDENTITY = "Apple Development";
				CODE_SIGN_STYLE = Automatic;
				DEVELOPMENT_ASSET_PATHS = "\"CovidCountsApp/Preview Content\"";
				DEVELOPMENT_TEAM = 97BFAG7885;
				ENABLE_PREVIEWS = YES;
				INFOPLIST_FILE = CovidCountsApp/Info.plist;
				IPHONEOS_DEPLOYMENT_TARGET = 14.7;
				LD_RUNPATH_SEARCH_PATHS = (
					"$(inherited)",
					"@executable_path/Frameworks",
				);
				PRODUCT_BUNDLE_IDENTIFIER = JKSIndustries.CovidCountsApp;
				PRODUCT_NAME = "$(TARGET_NAME)";
				PROVISIONING_PROFILE_SPECIFIER = "";
				SWIFT_VERSION = 5.0;
				TARGETED_DEVICE_FAMILY = "1,2";
			};
			name = Debug;
		};
		DCB006122712807E003CE01D /* Release */ = {
			isa = XCBuildConfiguration;
			buildSettings = {
				ASSETCATALOG_COMPILER_APPICON_NAME = AppIcon;
				ASSETCATALOG_COMPILER_GLOBAL_ACCENT_COLOR_NAME = AccentColor;
				CODE_SIGN_IDENTITY = "Apple Development";
				CODE_SIGN_STYLE = Automatic;
				DEVELOPMENT_ASSET_PATHS = "\"CovidCountsApp/Preview Content\"";
				DEVELOPMENT_TEAM = 97BFAG7885;
				ENABLE_PREVIEWS = YES;
				INFOPLIST_FILE = CovidCountsApp/Info.plist;
				IPHONEOS_DEPLOYMENT_TARGET = 14.7;
				LD_RUNPATH_SEARCH_PATHS = (
					"$(inherited)",
					"@executable_path/Frameworks",
				);
				PRODUCT_BUNDLE_IDENTIFIER = JKSIndustries.CovidCountsApp;
				PRODUCT_NAME = "$(TARGET_NAME)";
				PROVISIONING_PROFILE_SPECIFIER = "";
				SWIFT_VERSION = 5.0;
				TARGETED_DEVICE_FAMILY = "1,2";
			};
			name = Release;
		};
/* End XCBuildConfiguration section */

/* Begin XCConfigurationList section */
		DCB005FC2712807B003CE01D /* Build configuration list for PBXProject "CovidCountsApp" */ = {
			isa = XCConfigurationList;
			buildConfigurations = (
				DCB0060E2712807E003CE01D /* Debug */,
				DCB0060F2712807E003CE01D /* Release */,
			);
			defaultConfigurationIsVisible = 0;
			defaultConfigurationName = Release;
		};
		DCB006102712807E003CE01D /* Build configuration list for PBXNativeTarget "CovidCountsApp" */ = {
			isa = XCConfigurationList;
			buildConfigurations = (
				DCB006112712807E003CE01D /* Debug */,
				DCB006122712807E003CE01D /* Release */,
			);
			defaultConfigurationIsVisible = 0;
			defaultConfigurationName = Release;
		};
/* End XCConfigurationList section */
	};
	rootObject = DCB005F92712807B003CE01D /* Project object */;
}
